// !$*UTF8*$!
{
	archiveVersion = 1;
	classes = {
	};
	objectVersion = 51;
	objects = {

/* Begin PBXBuildFile section */
		8AFD54DEF43AB69AC2B8AC53 /* Pods_Footnote2.framework in Frameworks */ = {isa = PBXBuildFile; fileRef = 2BBC3388438159553D8F76F2 /* Pods_Footnote2.framework */; };
		FC0AC73223DCD94B003219A1 /* BookCoverView.swift in Sources */ = {isa = PBXBuildFile; fileRef = FC0AC73123DCD94B003219A1 /* BookCoverView.swift */; };
		FC8E91A423DD281000BC1365 /* ImageCreator.swift in Sources */ = {isa = PBXBuildFile; fileRef = FC8E91A323DD281000BC1365 /* ImageCreator.swift */; };
		FC93374E23DE336A0097FE83 /* Bangers-Regular.ttf in Resources */ = {isa = PBXBuildFile; fileRef = FC93374D23DE336A0097FE83 /* Bangers-Regular.ttf */; };
		FC93375023DE33730097FE83 /* CabinSketch-Regular.ttf in Resources */ = {isa = PBXBuildFile; fileRef = FC93374F23DE33730097FE83 /* CabinSketch-Regular.ttf */; };
		FC93375223DE33810097FE83 /* CormorantGaramond-Medium.ttf in Resources */ = {isa = PBXBuildFile; fileRef = FC93375123DE33810097FE83 /* CormorantGaramond-Medium.ttf */; };
		FC93375423DE338D0097FE83 /* LifeSavers-Regular.ttf in Resources */ = {isa = PBXBuildFile; fileRef = FC93375323DE338D0097FE83 /* LifeSavers-Regular.ttf */; };
		FC93375623DE33940097FE83 /* Lobster-Regular.ttf in Resources */ = {isa = PBXBuildFile; fileRef = FC93375523DE33940097FE83 /* Lobster-Regular.ttf */; };
		FC93375823DE339D0097FE83 /* Merriweather-Regular.ttf in Resources */ = {isa = PBXBuildFile; fileRef = FC93375723DE339D0097FE83 /* Merriweather-Regular.ttf */; };
		FC93375A23DE33A50097FE83 /* PermanentMarker-Regular.ttf in Resources */ = {isa = PBXBuildFile; fileRef = FC93375923DE33A50097FE83 /* PermanentMarker-Regular.ttf */; };
		FC93375C23DE33B10097FE83 /* PlayfairDisplay-VariableFont:wght.ttf in Resources */ = {isa = PBXBuildFile; fileRef = FC93375B23DE33B10097FE83 /* PlayfairDisplay-VariableFont:wght.ttf */; };
		FC96BFED23E1071C00F4BE94 /* UIColor+FootnoteQuoteColors.swift in Sources */ = {isa = PBXBuildFile; fileRef = FC96BFEC23E1071C00F4BE94 /* UIColor+FootnoteQuoteColors.swift */; };
		FCD0C83323A070FE00EFA591 /* AppDelegate.swift in Sources */ = {isa = PBXBuildFile; fileRef = FCD0C83223A070FE00EFA591 /* AppDelegate.swift */; };
		FCD0C83523A070FE00EFA591 /* SceneDelegate.swift in Sources */ = {isa = PBXBuildFile; fileRef = FCD0C83423A070FE00EFA591 /* SceneDelegate.swift */; };
		FCD0C83823A070FE00EFA591 /* Footnote2.xcdatamodeld in Sources */ = {isa = PBXBuildFile; fileRef = FCD0C83623A070FE00EFA591 /* Footnote2.xcdatamodeld */; };
		FCD0C83A23A070FE00EFA591 /* ContentView.swift in Sources */ = {isa = PBXBuildFile; fileRef = FCD0C83923A070FE00EFA591 /* ContentView.swift */; };
		FCD0C83C23A070FF00EFA591 /* Assets.xcassets in Resources */ = {isa = PBXBuildFile; fileRef = FCD0C83B23A070FF00EFA591 /* Assets.xcassets */; };
		FCD0C83F23A070FF00EFA591 /* Preview Assets.xcassets in Resources */ = {isa = PBXBuildFile; fileRef = FCD0C83E23A070FF00EFA591 /* Preview Assets.xcassets */; };
		FCD0C84223A070FF00EFA591 /* LaunchScreen.storyboard in Resources */ = {isa = PBXBuildFile; fileRef = FCD0C84023A070FF00EFA591 /* LaunchScreen.storyboard */; };
		FCD0C85023A073E900EFA591 /* Cosmetics.swift in Sources */ = {isa = PBXBuildFile; fileRef = FCD0C84F23A073E900EFA591 /* Cosmetics.swift */; };
		FCD0C85223A0742600EFA591 /* QuoteItemView.swift in Sources */ = {isa = PBXBuildFile; fileRef = FCD0C85123A0742600EFA591 /* QuoteItemView.swift */; };
		FCD0C85823A077C500EFA591 /* AddQuoteView.swift in Sources */ = {isa = PBXBuildFile; fileRef = FCD0C85723A077C500EFA591 /* AddQuoteView.swift */; };
		FCD2A1B623DA8E6700FF266A /* QuoteDetailView.swift in Sources */ = {isa = PBXBuildFile; fileRef = FCD2A1B523DA8E6700FF266A /* QuoteDetailView.swift */; };
		FCFB9F7223DBA6EE00A5BD96 /* ImagePicker.swift in Sources */ = {isa = PBXBuildFile; fileRef = FCFB9F7123DBA6EE00A5BD96 /* ImagePicker.swift */; };
/* End PBXBuildFile section */

/* Begin PBXFileReference section */
		2610CA4C3F36B8C7F2B8DF18 /* Pods-Footnote2.debug.xcconfig */ = {isa = PBXFileReference; includeInIndex = 1; lastKnownFileType = text.xcconfig; name = "Pods-Footnote2.debug.xcconfig"; path = "Target Support Files/Pods-Footnote2/Pods-Footnote2.debug.xcconfig"; sourceTree = "<group>"; };
		2BBC3388438159553D8F76F2 /* Pods_Footnote2.framework */ = {isa = PBXFileReference; explicitFileType = wrapper.framework; includeInIndex = 0; path = Pods_Footnote2.framework; sourceTree = BUILT_PRODUCTS_DIR; };
		6EAC291AE787ACBB1FA9530D /* Pods-Footnote2.release.xcconfig */ = {isa = PBXFileReference; includeInIndex = 1; lastKnownFileType = text.xcconfig; name = "Pods-Footnote2.release.xcconfig"; path = "Target Support Files/Pods-Footnote2/Pods-Footnote2.release.xcconfig"; sourceTree = "<group>"; };
		FC0AC73123DCD94B003219A1 /* BookCoverView.swift */ = {isa = PBXFileReference; lastKnownFileType = sourcecode.swift; path = BookCoverView.swift; sourceTree = "<group>"; };
		FC8E91A323DD281000BC1365 /* ImageCreator.swift */ = {isa = PBXFileReference; lastKnownFileType = sourcecode.swift; path = ImageCreator.swift; sourceTree = "<group>"; };
		FC93374D23DE336A0097FE83 /* Bangers-Regular.ttf */ = {isa = PBXFileReference; lastKnownFileType = file; path = "Bangers-Regular.ttf"; sourceTree = "<group>"; };
		FC93374F23DE33730097FE83 /* CabinSketch-Regular.ttf */ = {isa = PBXFileReference; lastKnownFileType = file; path = "CabinSketch-Regular.ttf"; sourceTree = "<group>"; };
		FC93375123DE33810097FE83 /* CormorantGaramond-Medium.ttf */ = {isa = PBXFileReference; lastKnownFileType = file; path = "CormorantGaramond-Medium.ttf"; sourceTree = "<group>"; };
		FC93375323DE338D0097FE83 /* LifeSavers-Regular.ttf */ = {isa = PBXFileReference; lastKnownFileType = file; path = "LifeSavers-Regular.ttf"; sourceTree = "<group>"; };
		FC93375523DE33940097FE83 /* Lobster-Regular.ttf */ = {isa = PBXFileReference; lastKnownFileType = file; path = "Lobster-Regular.ttf"; sourceTree = "<group>"; };
		FC93375723DE339D0097FE83 /* Merriweather-Regular.ttf */ = {isa = PBXFileReference; lastKnownFileType = file; path = "Merriweather-Regular.ttf"; sourceTree = "<group>"; };
		FC93375923DE33A50097FE83 /* PermanentMarker-Regular.ttf */ = {isa = PBXFileReference; lastKnownFileType = file; path = "PermanentMarker-Regular.ttf"; sourceTree = "<group>"; };
		FC93375B23DE33B10097FE83 /* PlayfairDisplay-VariableFont:wght.ttf */ = {isa = PBXFileReference; lastKnownFileType = file; path = "PlayfairDisplay-VariableFont:wght.ttf"; sourceTree = "<group>"; };
		FC96BFEC23E1071C00F4BE94 /* UIColor+FootnoteQuoteColors.swift */ = {isa = PBXFileReference; fileEncoding = 4; lastKnownFileType = sourcecode.swift; path = "UIColor+FootnoteQuoteColors.swift"; sourceTree = SOURCE_ROOT; };
		FCD0C82F23A070FE00EFA591 /* Footnote.app */ = {isa = PBXFileReference; explicitFileType = wrapper.application; includeInIndex = 0; path = Footnote.app; sourceTree = BUILT_PRODUCTS_DIR; };
		FCD0C83223A070FE00EFA591 /* AppDelegate.swift */ = {isa = PBXFileReference; lastKnownFileType = sourcecode.swift; path = AppDelegate.swift; sourceTree = "<group>"; };
		FCD0C83423A070FE00EFA591 /* SceneDelegate.swift */ = {isa = PBXFileReference; lastKnownFileType = sourcecode.swift; path = SceneDelegate.swift; sourceTree = "<group>"; };
		FCD0C83723A070FE00EFA591 /* Footnote2.xcdatamodel */ = {isa = PBXFileReference; lastKnownFileType = wrapper.xcdatamodel; path = Footnote2.xcdatamodel; sourceTree = "<group>"; };
		FCD0C83923A070FE00EFA591 /* ContentView.swift */ = {isa = PBXFileReference; lastKnownFileType = sourcecode.swift; path = ContentView.swift; sourceTree = "<group>"; };
		FCD0C83B23A070FF00EFA591 /* Assets.xcassets */ = {isa = PBXFileReference; lastKnownFileType = folder.assetcatalog; path = Assets.xcassets; sourceTree = "<group>"; };
		FCD0C83E23A070FF00EFA591 /* Preview Assets.xcassets */ = {isa = PBXFileReference; lastKnownFileType = folder.assetcatalog; path = "Preview Assets.xcassets"; sourceTree = "<group>"; };
		FCD0C84123A070FF00EFA591 /* Base */ = {isa = PBXFileReference; lastKnownFileType = file.storyboard; name = Base; path = Base.lproj/LaunchScreen.storyboard; sourceTree = "<group>"; };
		FCD0C84323A070FF00EFA591 /* Info.plist */ = {isa = PBXFileReference; lastKnownFileType = text.plist.xml; path = Info.plist; sourceTree = "<group>"; };
		FCD0C84F23A073E900EFA591 /* Cosmetics.swift */ = {isa = PBXFileReference; lastKnownFileType = sourcecode.swift; path = Cosmetics.swift; sourceTree = "<group>"; };
		FCD0C85123A0742600EFA591 /* QuoteItemView.swift */ = {isa = PBXFileReference; lastKnownFileType = sourcecode.swift; path = QuoteItemView.swift; sourceTree = "<group>"; };
		FCD0C85723A077C500EFA591 /* AddQuoteView.swift */ = {isa = PBXFileReference; lastKnownFileType = sourcecode.swift; path = AddQuoteView.swift; sourceTree = "<group>"; };
		FCD2A1B523DA8E6700FF266A /* QuoteDetailView.swift */ = {isa = PBXFileReference; lastKnownFileType = sourcecode.swift; path = QuoteDetailView.swift; sourceTree = "<group>"; };
		FCFB9F7123DBA6EE00A5BD96 /* ImagePicker.swift */ = {isa = PBXFileReference; lastKnownFileType = sourcecode.swift; path = ImagePicker.swift; sourceTree = "<group>"; };
/* End PBXFileReference section */

/* Begin PBXFrameworksBuildPhase section */
		FCD0C82C23A070FE00EFA591 /* Frameworks */ = {
			isa = PBXFrameworksBuildPhase;
			buildActionMask = 2147483647;
			files = (
				8AFD54DEF43AB69AC2B8AC53 /* Pods_Footnote2.framework in Frameworks */,
			);
			runOnlyForDeploymentPostprocessing = 0;
		};
/* End PBXFrameworksBuildPhase section */

/* Begin PBXGroup section */
		75A802C35F5F67C20D296E8E /* Pods */ = {
			isa = PBXGroup;
			children = (
				2610CA4C3F36B8C7F2B8DF18 /* Pods-Footnote2.debug.xcconfig */,
				6EAC291AE787ACBB1FA9530D /* Pods-Footnote2.release.xcconfig */,
			);
			path = Pods;
			sourceTree = "<group>";
		};
		EA844E125BAE2A213B1B3E85 /* Frameworks */ = {
			isa = PBXGroup;
			children = (
				2BBC3388438159553D8F76F2 /* Pods_Footnote2.framework */,
			);
			name = Frameworks;
			sourceTree = "<group>";
		};
		FC93374C23DE33490097FE83 /* Fonts */ = {
			isa = PBXGroup;
			children = (
				FC93374D23DE336A0097FE83 /* Bangers-Regular.ttf */,
				FC93374F23DE33730097FE83 /* CabinSketch-Regular.ttf */,
				FC93375123DE33810097FE83 /* CormorantGaramond-Medium.ttf */,
				FC93375323DE338D0097FE83 /* LifeSavers-Regular.ttf */,
				FC93375523DE33940097FE83 /* Lobster-Regular.ttf */,
				FC93375723DE339D0097FE83 /* Merriweather-Regular.ttf */,
				FC93375923DE33A50097FE83 /* PermanentMarker-Regular.ttf */,
				FC93375B23DE33B10097FE83 /* PlayfairDisplay-VariableFont:wght.ttf */,
			);
			path = Fonts;
			sourceTree = "<group>";
		};
		FCD0C82623A070FE00EFA591 = {
			isa = PBXGroup;
			children = (
				FCD0C83123A070FE00EFA591 /* Footnote2 */,
				FCD0C83023A070FE00EFA591 /* Products */,
				75A802C35F5F67C20D296E8E /* Pods */,
				EA844E125BAE2A213B1B3E85 /* Frameworks */,
			);
			sourceTree = "<group>";
		};
		FCD0C83023A070FE00EFA591 /* Products */ = {
			isa = PBXGroup;
			children = (
				FCD0C82F23A070FE00EFA591 /* Footnote.app */,
			);
			name = Products;
			sourceTree = "<group>";
		};
		FCD0C83123A070FE00EFA591 /* Footnote2 */ = {
			isa = PBXGroup;
			children = (
				FCD0C85723A077C500EFA591 /* AddQuoteView.swift */,
				FCD0C83223A070FE00EFA591 /* AppDelegate.swift */,
				FCD0C83423A070FE00EFA591 /* SceneDelegate.swift */,
				FCD0C83923A070FE00EFA591 /* ContentView.swift */,
				FC0AC73123DCD94B003219A1 /* BookCoverView.swift */,
				FCFB9F7123DBA6EE00A5BD96 /* ImagePicker.swift */,
				FCD0C85123A0742600EFA591 /* QuoteItemView.swift */,
				FC8E91A323DD281000BC1365 /* ImageCreator.swift */,
				FCD0C84F23A073E900EFA591 /* Cosmetics.swift */,
				FCD2A1B523DA8E6700FF266A /* QuoteDetailView.swift */,
				FC96BFEC23E1071C00F4BE94 /* UIColor+FootnoteQuoteColors.swift */,
				FCD0C83B23A070FF00EFA591 /* Assets.xcassets */,
				FCD0C84023A070FF00EFA591 /* LaunchScreen.storyboard */,
				FCD0C84323A070FF00EFA591 /* Info.plist */,
				FCD0C83623A070FE00EFA591 /* Footnote2.xcdatamodeld */,
				FC93374C23DE33490097FE83 /* Fonts */,
				FCD0C83D23A070FF00EFA591 /* Preview Content */,
			);
			path = Footnote2;
			sourceTree = "<group>";
		};
		FCD0C83D23A070FF00EFA591 /* Preview Content */ = {
			isa = PBXGroup;
			children = (
				FCD0C83E23A070FF00EFA591 /* Preview Assets.xcassets */,
			);
			path = "Preview Content";
			sourceTree = "<group>";
		};
/* End PBXGroup section */

/* Begin PBXNativeTarget section */
		FCD0C82E23A070FE00EFA591 /* Footnote2 */ = {
			isa = PBXNativeTarget;
			buildConfigurationList = FCD0C84623A070FF00EFA591 /* Build configuration list for PBXNativeTarget "Footnote2" */;
			buildPhases = (
				F5E2514C10DCD7F848988E99 /* [CP] Check Pods Manifest.lock */,
				FCD0C82B23A070FE00EFA591 /* Sources */,
				FCD0C82C23A070FE00EFA591 /* Frameworks */,
				FCD0C82D23A070FE00EFA591 /* Resources */,
				54A9287C1FA9644A81B863BF /* [CP] Embed Pods Frameworks */,
			);
			buildRules = (
			);
			dependencies = (
			);
			name = Footnote2;
			productName = Footnote2;
			productReference = FCD0C82F23A070FE00EFA591 /* Footnote.app */;
			productType = "com.apple.product-type.application";
		};
/* End PBXNativeTarget section */

/* Begin PBXProject section */
		FCD0C82723A070FE00EFA591 /* Project object */ = {
			isa = PBXProject;
			attributes = {
				LastSwiftUpdateCheck = 1120;
				LastUpgradeCheck = 1120;
				ORGANIZATIONNAME = "Cameron Bardell";
				TargetAttributes = {
					FCD0C82E23A070FE00EFA591 = {
						CreatedOnToolsVersion = 11.2.1;
					};
				};
			};
			buildConfigurationList = FCD0C82A23A070FE00EFA591 /* Build configuration list for PBXProject "Footnote2" */;
			compatibilityVersion = "Xcode 9.3";
			developmentRegion = en;
			hasScannedForEncodings = 0;
			knownRegions = (
				en,
				Base,
			);
			mainGroup = FCD0C82623A070FE00EFA591;
			productRefGroup = FCD0C83023A070FE00EFA591 /* Products */;
			projectDirPath = "";
			projectRoot = "";
			targets = (
				FCD0C82E23A070FE00EFA591 /* Footnote2 */,
			);
		};
/* End PBXProject section */

/* Begin PBXResourcesBuildPhase section */
		FCD0C82D23A070FE00EFA591 /* Resources */ = {
			isa = PBXResourcesBuildPhase;
			buildActionMask = 2147483647;
			files = (
				FC93374E23DE336A0097FE83 /* Bangers-Regular.ttf in Resources */,
				FC93375623DE33940097FE83 /* Lobster-Regular.ttf in Resources */,
				FC93375C23DE33B10097FE83 /* PlayfairDisplay-VariableFont:wght.ttf in Resources */,
				FCD0C84223A070FF00EFA591 /* LaunchScreen.storyboard in Resources */,
				FC93375023DE33730097FE83 /* CabinSketch-Regular.ttf in Resources */,
				FCD0C83F23A070FF00EFA591 /* Preview Assets.xcassets in Resources */,
				FC93375423DE338D0097FE83 /* LifeSavers-Regular.ttf in Resources */,
				FC93375223DE33810097FE83 /* CormorantGaramond-Medium.ttf in Resources */,
				FC93375823DE339D0097FE83 /* Merriweather-Regular.ttf in Resources */,
				FC93375A23DE33A50097FE83 /* PermanentMarker-Regular.ttf in Resources */,
				FCD0C83C23A070FF00EFA591 /* Assets.xcassets in Resources */,
			);
			runOnlyForDeploymentPostprocessing = 0;
		};
/* End PBXResourcesBuildPhase section */

/* Begin PBXShellScriptBuildPhase section */
		54A9287C1FA9644A81B863BF /* [CP] Embed Pods Frameworks */ = {
			isa = PBXShellScriptBuildPhase;
			buildActionMask = 2147483647;
			files = (
			);
			inputFileListPaths = (
				"${PODS_ROOT}/Target Support Files/Pods-Footnote2/Pods-Footnote2-frameworks-${CONFIGURATION}-input-files.xcfilelist",
			);
			name = "[CP] Embed Pods Frameworks";
			outputFileListPaths = (
				"${PODS_ROOT}/Target Support Files/Pods-Footnote2/Pods-Footnote2-frameworks-${CONFIGURATION}-output-files.xcfilelist",
			);
			runOnlyForDeploymentPostprocessing = 0;
			shellPath = /bin/sh;
			shellScript = "\"${PODS_ROOT}/Target Support Files/Pods-Footnote2/Pods-Footnote2-frameworks.sh\"\n";
			showEnvVarsInLog = 0;
		};
		F5E2514C10DCD7F848988E99 /* [CP] Check Pods Manifest.lock */ = {
			isa = PBXShellScriptBuildPhase;
			buildActionMask = 2147483647;
			files = (
			);
			inputFileListPaths = (
			);
			inputPaths = (
				"${PODS_PODFILE_DIR_PATH}/Podfile.lock",
				"${PODS_ROOT}/Manifest.lock",
			);
			name = "[CP] Check Pods Manifest.lock";
			outputFileListPaths = (
			);
			outputPaths = (
				"$(DERIVED_FILE_DIR)/Pods-Footnote2-checkManifestLockResult.txt",
			);
			runOnlyForDeploymentPostprocessing = 0;
			shellPath = /bin/sh;
			shellScript = "diff \"${PODS_PODFILE_DIR_PATH}/Podfile.lock\" \"${PODS_ROOT}/Manifest.lock\" > /dev/null\nif [ $? != 0 ] ; then\n    # print error to STDERR\n    echo \"error: The sandbox is not in sync with the Podfile.lock. Run 'pod install' or update your CocoaPods installation.\" >&2\n    exit 1\nfi\n# This output is used by Xcode 'outputs' to avoid re-running this script phase.\necho \"SUCCESS\" > \"${SCRIPT_OUTPUT_FILE_0}\"\n";
			showEnvVarsInLog = 0;
		};
/* End PBXShellScriptBuildPhase section */

/* Begin PBXSourcesBuildPhase section */
		FCD0C82B23A070FE00EFA591 /* Sources */ = {
			isa = PBXSourcesBuildPhase;
			buildActionMask = 2147483647;
			files = (
				FCD0C85823A077C500EFA591 /* AddQuoteView.swift in Sources */,
				FCD0C83323A070FE00EFA591 /* AppDelegate.swift in Sources */,
				FCD0C85023A073E900EFA591 /* Cosmetics.swift in Sources */,
				FC8E91A423DD281000BC1365 /* ImageCreator.swift in Sources */,
				FCD0C83823A070FE00EFA591 /* Footnote2.xcdatamodeld in Sources */,
				FCD2A1B623DA8E6700FF266A /* QuoteDetailView.swift in Sources */,
				FC96BFED23E1071C00F4BE94 /* UIColor+FootnoteQuoteColors.swift in Sources */,
				FCD0C85223A0742600EFA591 /* QuoteItemView.swift in Sources */,
				FCD0C83A23A070FE00EFA591 /* ContentView.swift in Sources */,
				FCFB9F7223DBA6EE00A5BD96 /* ImagePicker.swift in Sources */,
				FCD0C83523A070FE00EFA591 /* SceneDelegate.swift in Sources */,
				FC0AC73223DCD94B003219A1 /* BookCoverView.swift in Sources */,
			);
			runOnlyForDeploymentPostprocessing = 0;
		};
/* End PBXSourcesBuildPhase section */

/* Begin PBXVariantGroup section */
		FCD0C84023A070FF00EFA591 /* LaunchScreen.storyboard */ = {
			isa = PBXVariantGroup;
			children = (
				FCD0C84123A070FF00EFA591 /* Base */,
			);
			name = LaunchScreen.storyboard;
			sourceTree = "<group>";
		};
/* End PBXVariantGroup section */

/* Begin XCBuildConfiguration section */
		FCD0C84423A070FF00EFA591 /* Debug */ = {
			isa = XCBuildConfiguration;
			buildSettings = {
				ALWAYS_SEARCH_USER_PATHS = NO;
				CLANG_ANALYZER_NONNULL = YES;
				CLANG_ANALYZER_NUMBER_OBJECT_CONVERSION = YES_AGGRESSIVE;
				CLANG_CXX_LANGUAGE_STANDARD = "gnu++14";
				CLANG_CXX_LIBRARY = "libc++";
				CLANG_ENABLE_MODULES = YES;
				CLANG_ENABLE_OBJC_ARC = YES;
				CLANG_ENABLE_OBJC_WEAK = YES;
				CLANG_WARN_BLOCK_CAPTURE_AUTORELEASING = YES;
				CLANG_WARN_BOOL_CONVERSION = YES;
				CLANG_WARN_COMMA = YES;
				CLANG_WARN_CONSTANT_CONVERSION = YES;
				CLANG_WARN_DEPRECATED_OBJC_IMPLEMENTATIONS = YES;
				CLANG_WARN_DIRECT_OBJC_ISA_USAGE = YES_ERROR;
				CLANG_WARN_DOCUMENTATION_COMMENTS = YES;
				CLANG_WARN_EMPTY_BODY = YES;
				CLANG_WARN_ENUM_CONVERSION = YES;
				CLANG_WARN_INFINITE_RECURSION = YES;
				CLANG_WARN_INT_CONVERSION = YES;
				CLANG_WARN_NON_LITERAL_NULL_CONVERSION = YES;
				CLANG_WARN_OBJC_IMPLICIT_RETAIN_SELF = YES;
				CLANG_WARN_OBJC_LITERAL_CONVERSION = YES;
				CLANG_WARN_OBJC_ROOT_CLASS = YES_ERROR;
				CLANG_WARN_RANGE_LOOP_ANALYSIS = YES;
				CLANG_WARN_STRICT_PROTOTYPES = YES;
				CLANG_WARN_SUSPICIOUS_MOVE = YES;
				CLANG_WARN_UNGUARDED_AVAILABILITY = YES_AGGRESSIVE;
				CLANG_WARN_UNREACHABLE_CODE = YES;
				CLANG_WARN__DUPLICATE_METHOD_MATCH = YES;
				COPY_PHASE_STRIP = NO;
				DEBUG_INFORMATION_FORMAT = dwarf;
				ENABLE_STRICT_OBJC_MSGSEND = YES;
				ENABLE_TESTABILITY = YES;
				GCC_C_LANGUAGE_STANDARD = gnu11;
				GCC_DYNAMIC_NO_PIC = NO;
				GCC_NO_COMMON_BLOCKS = YES;
				GCC_OPTIMIZATION_LEVEL = 0;
				GCC_PREPROCESSOR_DEFINITIONS = (
					"DEBUG=1",
					"$(inherited)",
				);
				GCC_WARN_64_TO_32_BIT_CONVERSION = YES;
				GCC_WARN_ABOUT_RETURN_TYPE = YES_ERROR;
				GCC_WARN_UNDECLARED_SELECTOR = YES;
				GCC_WARN_UNINITIALIZED_AUTOS = YES_AGGRESSIVE;
				GCC_WARN_UNUSED_FUNCTION = YES;
				GCC_WARN_UNUSED_VARIABLE = YES;
				IPHONEOS_DEPLOYMENT_TARGET = 13.2;
				MTL_ENABLE_DEBUG_INFO = INCLUDE_SOURCE;
				MTL_FAST_MATH = YES;
				ONLY_ACTIVE_ARCH = YES;
				SDKROOT = iphoneos;
				SWIFT_ACTIVE_COMPILATION_CONDITIONS = DEBUG;
				SWIFT_OPTIMIZATION_LEVEL = "-Onone";
			};
			name = Debug;
		};
		FCD0C84523A070FF00EFA591 /* Release */ = {
			isa = XCBuildConfiguration;
			buildSettings = {
				ALWAYS_SEARCH_USER_PATHS = NO;
				CLANG_ANALYZER_NONNULL = YES;
				CLANG_ANALYZER_NUMBER_OBJECT_CONVERSION = YES_AGGRESSIVE;
				CLANG_CXX_LANGUAGE_STANDARD = "gnu++14";
				CLANG_CXX_LIBRARY = "libc++";
				CLANG_ENABLE_MODULES = YES;
				CLANG_ENABLE_OBJC_ARC = YES;
				CLANG_ENABLE_OBJC_WEAK = YES;
				CLANG_WARN_BLOCK_CAPTURE_AUTORELEASING = YES;
				CLANG_WARN_BOOL_CONVERSION = YES;
				CLANG_WARN_COMMA = YES;
				CLANG_WARN_CONSTANT_CONVERSION = YES;
				CLANG_WARN_DEPRECATED_OBJC_IMPLEMENTATIONS = YES;
				CLANG_WARN_DIRECT_OBJC_ISA_USAGE = YES_ERROR;
				CLANG_WARN_DOCUMENTATION_COMMENTS = YES;
				CLANG_WARN_EMPTY_BODY = YES;
				CLANG_WARN_ENUM_CONVERSION = YES;
				CLANG_WARN_INFINITE_RECURSION = YES;
				CLANG_WARN_INT_CONVERSION = YES;
				CLANG_WARN_NON_LITERAL_NULL_CONVERSION = YES;
				CLANG_WARN_OBJC_IMPLICIT_RETAIN_SELF = YES;
				CLANG_WARN_OBJC_LITERAL_CONVERSION = YES;
				CLANG_WARN_OBJC_ROOT_CLASS = YES_ERROR;
				CLANG_WARN_RANGE_LOOP_ANALYSIS = YES;
				CLANG_WARN_STRICT_PROTOTYPES = YES;
				CLANG_WARN_SUSPICIOUS_MOVE = YES;
				CLANG_WARN_UNGUARDED_AVAILABILITY = YES_AGGRESSIVE;
				CLANG_WARN_UNREACHABLE_CODE = YES;
				CLANG_WARN__DUPLICATE_METHOD_MATCH = YES;
				COPY_PHASE_STRIP = NO;
				DEBUG_INFORMATION_FORMAT = "dwarf-with-dsym";
				ENABLE_NS_ASSERTIONS = NO;
				ENABLE_STRICT_OBJC_MSGSEND = YES;
				GCC_C_LANGUAGE_STANDARD = gnu11;
				GCC_NO_COMMON_BLOCKS = YES;
				GCC_WARN_64_TO_32_BIT_CONVERSION = YES;
				GCC_WARN_ABOUT_RETURN_TYPE = YES_ERROR;
				GCC_WARN_UNDECLARED_SELECTOR = YES;
				GCC_WARN_UNINITIALIZED_AUTOS = YES_AGGRESSIVE;
				GCC_WARN_UNUSED_FUNCTION = YES;
				GCC_WARN_UNUSED_VARIABLE = YES;
				IPHONEOS_DEPLOYMENT_TARGET = 13.2;
				MTL_ENABLE_DEBUG_INFO = NO;
				MTL_FAST_MATH = YES;
				SDKROOT = iphoneos;
				SWIFT_COMPILATION_MODE = wholemodule;
				SWIFT_OPTIMIZATION_LEVEL = "-O";
				VALIDATE_PRODUCT = YES;
			};
			name = Release;
		};
		FCD0C84723A070FF00EFA591 /* Debug */ = {
			isa = XCBuildConfiguration;
			baseConfigurationReference = 2610CA4C3F36B8C7F2B8DF18 /* Pods-Footnote2.debug.xcconfig */;
			buildSettings = {
				ASSETCATALOG_COMPILER_APPICON_NAME = AppIcon;
				CODE_SIGN_STYLE = Automatic;
				CURRENT_PROJECT_VERSION = 5;
				DEVELOPMENT_ASSET_PATHS = "\"Footnote2/Preview Content\"";
				DEVELOPMENT_TEAM = N2WWEZ627P;
				ENABLE_PREVIEWS = YES;
				INFOPLIST_FILE = Footnote2/Info.plist;
				IPHONEOS_DEPLOYMENT_TARGET = 13.0;
				LD_RUNPATH_SEARCH_PATHS = (
					"$(inherited)",
					"@executable_path/Frameworks",
				);
				PRODUCT_BUNDLE_IDENTIFIER = com.bardell.footnote;
				PRODUCT_NAME = Footnote;
				SWIFT_VERSION = 5.0;
				TARGETED_DEVICE_FAMILY = 1;
			};
			name = Debug;
		};
		FCD0C84823A070FF00EFA591 /* Release */ = {
			isa = XCBuildConfiguration;
			baseConfigurationReference = 6EAC291AE787ACBB1FA9530D /* Pods-Footnote2.release.xcconfig */;
			buildSettings = {
				ASSETCATALOG_COMPILER_APPICON_NAME = AppIcon;
				CODE_SIGN_STYLE = Automatic;
				CURRENT_PROJECT_VERSION = 5;
				DEVELOPMENT_ASSET_PATHS = "\"Footnote2/Preview Content\"";
				DEVELOPMENT_TEAM = N2WWEZ627P;
				ENABLE_PREVIEWS = YES;
				INFOPLIST_FILE = Footnote2/Info.plist;
				IPHONEOS_DEPLOYMENT_TARGET = 13.0;
				LD_RUNPATH_SEARCH_PATHS = (
					"$(inherited)",
					"@executable_path/Frameworks",
				);
				PRODUCT_BUNDLE_IDENTIFIER = com.bardell.footnote;
				PRODUCT_NAME = Footnote;
				SWIFT_VERSION = 5.0;
				TARGETED_DEVICE_FAMILY = 1;
			};
			name = Release;
		};
/* End XCBuildConfiguration section */

/* Begin XCConfigurationList section */
		FCD0C82A23A070FE00EFA591 /* Build configuration list for PBXProject "Footnote2" */ = {
			isa = XCConfigurationList;
			buildConfigurations = (
				FCD0C84423A070FF00EFA591 /* Debug */,
				FCD0C84523A070FF00EFA591 /* Release */,
			);
			defaultConfigurationIsVisible = 0;
			defaultConfigurationName = Release;
		};
		FCD0C84623A070FF00EFA591 /* Build configuration list for PBXNativeTarget "Footnote2" */ = {
			isa = XCConfigurationList;
			buildConfigurations = (
				FCD0C84723A070FF00EFA591 /* Debug */,
				FCD0C84823A070FF00EFA591 /* Release */,
			);
			defaultConfigurationIsVisible = 0;
			defaultConfigurationName = Release;
		};
/* End XCConfigurationList section */

/* Begin XCVersionGroup section */
		FCD0C83623A070FE00EFA591 /* Footnote2.xcdatamodeld */ = {
			isa = XCVersionGroup;
			children = (
				FCD0C83723A070FE00EFA591 /* Footnote2.xcdatamodel */,
			);
			currentVersion = FCD0C83723A070FE00EFA591 /* Footnote2.xcdatamodel */;
			path = Footnote2.xcdatamodeld;
			sourceTree = "<group>";
			versionGroupType = wrapper.xcdatamodel;
		};
/* End XCVersionGroup section */
	};
	rootObject = FCD0C82723A070FE00EFA591 /* Project object */;
}
